PODS:
  - InputBarAccessoryView (5.5.0):
    - InputBarAccessoryView/Core (= 5.5.0)
  - InputBarAccessoryView/Core (5.5.0)
  - IQKeyboardManager (6.5.17)
  - Kingfisher (7.11.0)
  - MASegmentedControl (0.0.5)
  - MessageKit (3.8.0):
    - InputBarAccessoryView (~> 5.5.0)
  - NVActivityIndicatorView (5.1.1):
    - NVActivityIndicatorView/Base (= 5.1.1)
  - NVActivityIndicatorView/Base (5.1.1)

DEPENDENCIES:
  - IQKeyboardManager
  - Kingfisher (~> 7.0)
  - MASegmentedControl
  - MessageKit
  - NVActivityIndicatorView

SPEC REPOS:
  trunk:
    - InputBarAccessoryView
    - IQKeyboardManager
    - Kingfisher
    - MASegmentedControl
    - MessageKit
    - NVActivityIndicatorView

SPEC CHECKSUMS:
  InputBarAccessoryView: 1d7b0a672b36e370f01f264b3907ef39d03328e3
  IQKeyboardManager: 904d013844bbae0abe073f015487bfebe5476335
  Kingfisher: b9c985d864d43515f404f1ef4a8ce7d802ace3ac
  MASegmentedControl: 9b58f9ba3a562a739b63b29e4ca2b9dc4d9c62cb
  MessageKit: a1ba0c69ebead94029867853eb44dd05b9b3f453
  NVActivityIndicatorView: 1f6c5687f1171810aa27a3296814dc2d7dec3667

PODFILE CHECKSUM: 681567dff7509a6bb0b6393ebfe521c6a50103a8

COCOAPODS: 1.15.2
