// !$*UTF8*$!
{
	archiveVersion = 1;
	classes = {
	};
	objectVersion = 56;
	objects = {

/* Begin PBXBuildFile section */
		127851723A68E91EED2E05F9 /* Pods_Chatbot.framework in Frameworks */ = {isa = PBXBuildFile; fileRef = DB43EAF638778BE7A6AA5789 /* Pods_Chatbot.framework */; };
		DF78D9F72BC00D19002EDD28 /* GroupDetailsController.swift in Sources */ = {isa = PBXBuildFile; fileRef = DF78D9F52BC00D19002EDD28 /* GroupDetailsController.swift */; };
		DF78D9F82BC00D19002EDD28 /* GroupDetailsController.xib in Resources */ = {isa = PBXBuildFile; fileRef = DF78D9F62BC00D19002EDD28 /* GroupDetailsController.xib */; };
		DF78D9FB2BC0142D002EDD28 /* GroupDetailsCell.swift in Sources */ = {isa = PBXBuildFile; fileRef = DF78D9F92BC0142D002EDD28 /* GroupDetailsCell.swift */; };
		DF78D9FC2BC0142D002EDD28 /* GroupDetailsCell.xib in Resources */ = {isa = PBXBuildFile; fileRef = DF78D9FA2BC0142D002EDD28 /* GroupDetailsCell.xib */; };
		DFA2C3642BBD69D80021EB7A /* ListChatViewController.swift in Sources */ = {isa = PBXBuildFile; fileRef = DFA2C3632BBD69D80021EB7A /* ListChatViewController.swift */; };
		FB1B33372BA823020061259F /* AppDelegate.swift in Sources */ = {isa = PBXBuildFile; fileRef = FB1B33362BA823020061259F /* AppDelegate.swift */; };
		FB1B33392BA823020061259F /* SceneDelegate.swift in Sources */ = {isa = PBXBuildFile; fileRef = FB1B33382BA823020061259F /* SceneDelegate.swift */; };
		FB1B333B2BA823020061259F /* ViewController.swift in Sources */ = {isa = PBXBuildFile; fileRef = FB1B333A2BA823020061259F /* ViewController.swift */; };
		FB1B333E2BA823020061259F /* Base in Resources */ = {isa = PBXBuildFile; fileRef = FB1B333D2BA823020061259F /* Base */; };
		FB1B33402BA823030061259F /* Assets.xcassets in Resources */ = {isa = PBXBuildFile; fileRef = FB1B333F2BA823030061259F /* Assets.xcassets */; };
		FB1B33432BA823030061259F /* Base in Resources */ = {isa = PBXBuildFile; fileRef = FB1B33422BA823030061259F /* Base */; };
		FB2831D12BB8116F008BFBE8 /* FirebaseStorage in Frameworks */ = {isa = PBXBuildFile; productRef = FB2831D02BB8116F008BFBE8 /* FirebaseStorage */; };
		FB2F5F162BB302630077C2D8 /* MessageTableViewCell.swift in Sources */ = {isa = PBXBuildFile; fileRef = FB2F5F142BB302630077C2D8 /* MessageTableViewCell.swift */; };
		FB2F5F172BB302630077C2D8 /* MessageTableViewCell.xib in Resources */ = {isa = PBXBuildFile; fileRef = FB2F5F152BB302630077C2D8 /* MessageTableViewCell.xib */; };
		FB2FD3BE2BE0D49D004EF93B /* ImageMessageHandler.swift in Sources */ = {isa = PBXBuildFile; fileRef = FB2FD3BD2BE0D49D004EF93B /* ImageMessageHandler.swift */; };
		FB50BC912BA859A600E863AC /* GoogleSignIn in Frameworks */ = {isa = PBXBuildFile; productRef = FB50BC902BA859A600E863AC /* GoogleSignIn */; };
		FB50BC932BA859A600E863AC /* GoogleSignInSwift in Frameworks */ = {isa = PBXBuildFile; productRef = FB50BC922BA859A600E863AC /* GoogleSignInSwift */; };
		FB50BC962BA85ACE00E863AC /* FirebaseAnalytics in Frameworks */ = {isa = PBXBuildFile; productRef = FB50BC952BA85ACE00E863AC /* FirebaseAnalytics */; };
		FB50BC982BA85ACE00E863AC /* FirebaseAnalyticsOnDeviceConversion in Frameworks */ = {isa = PBXBuildFile; productRef = FB50BC972BA85ACE00E863AC /* FirebaseAnalyticsOnDeviceConversion */; };
		FB50BC9A2BA85ACE00E863AC /* FirebaseAnalyticsSwift in Frameworks */ = {isa = PBXBuildFile; productRef = FB50BC992BA85ACE00E863AC /* FirebaseAnalyticsSwift */; };
		FB50BC9C2BA85ACE00E863AC /* FirebaseAnalyticsWithoutAdIdSupport in Frameworks */ = {isa = PBXBuildFile; productRef = FB50BC9B2BA85ACE00E863AC /* FirebaseAnalyticsWithoutAdIdSupport */; };
		FB50BC9E2BA85ACE00E863AC /* FirebaseAppCheck in Frameworks */ = {isa = PBXBuildFile; productRef = FB50BC9D2BA85ACE00E863AC /* FirebaseAppCheck */; };
		FB5B348A2BCBAEF60092FDD2 /* WaveformView.swift in Sources */ = {isa = PBXBuildFile; fileRef = FB5B34892BCBAEF60092FDD2 /* WaveformView.swift */; };
		FB71F0052BA9855100A79BE7 /* FirebaseAuth in Frameworks */ = {isa = PBXBuildFile; productRef = FB71F0042BA9855100A79BE7 /* FirebaseAuth */; };
		FB71F00B2BA9A04B00A79BE7 /* ListChatViewController.xib in Resources */ = {isa = PBXBuildFile; fileRef = FB71F00A2BA9A04B00A79BE7 /* ListChatViewController.xib */; };
		FB71F00F2BA9A43100A79BE7 /* ListChatTableViewCell.xib in Resources */ = {isa = PBXBuildFile; fileRef = FB71F00E2BA9A43100A79BE7 /* ListChatTableViewCell.xib */; };
		FB71F0102BA9A43100A79BE7 /* ListChatTableViewCell.swift in Sources */ = {isa = PBXBuildFile; fileRef = FB71F00D2BA9A43100A79BE7 /* ListChatTableViewCell.swift */; };
		FB73D4862BAAF40E001B314F /* LoginPrefrencesViewController.swift in Sources */ = {isa = PBXBuildFile; fileRef = FB73D4842BAAF40E001B314F /* LoginPrefrencesViewController.swift */; };
		FB73D4872BAAF40E001B314F /* LoginPrefrencesViewController.xib in Resources */ = {isa = PBXBuildFile; fileRef = FB73D4852BAAF40E001B314F /* LoginPrefrencesViewController.xib */; };
		FB73D4932BAAF604001B314F /* EmailSignUPViewController.swift in Sources */ = {isa = PBXBuildFile; fileRef = FB73D4912BAAF604001B314F /* EmailSignUPViewController.swift */; };
		FB73D4942BAAF604001B314F /* EmailSignUPViewController.xib in Resources */ = {isa = PBXBuildFile; fileRef = FB73D4922BAAF604001B314F /* EmailSignUPViewController.xib */; };
		FB73D4972BAAF738001B314F /* EmailSignINViewController.swift in Sources */ = {isa = PBXBuildFile; fileRef = FB73D4952BAAF738001B314F /* EmailSignINViewController.swift */; };
		FB73D4982BAAF738001B314F /* EmailSignINViewController.xib in Resources */ = {isa = PBXBuildFile; fileRef = FB73D4962BAAF738001B314F /* EmailSignINViewController.xib */; };
		FB73D49A2BAAF8C3001B314F /* GoogleService-Info.plist in Resources */ = {isa = PBXBuildFile; fileRef = FB73D4992BAAF8C3001B314F /* GoogleService-Info.plist */; };
		FB73D49D2BAAFF89001B314F /* ChatController.swift in Sources */ = {isa = PBXBuildFile; fileRef = FB73D49B2BAAFF89001B314F /* ChatController.swift */; };
		FB73D49E2BAAFF89001B314F /* ChatController.xib in Resources */ = {isa = PBXBuildFile; fileRef = FB73D49C2BAAFF89001B314F /* ChatController.xib */; };
		FB820B322BE24DB800E21EC0 /* GetImageFromPicker.swift in Sources */ = {isa = PBXBuildFile; fileRef = FB820B312BE24DB800E21EC0 /* GetImageFromPicker.swift */; };
		FB820B352BE352F800E21EC0 /* UIViewExpandingAnim.swift in Sources */ = {isa = PBXBuildFile; fileRef = FB820B342BE352F800E21EC0 /* UIViewExpandingAnim.swift */; };
		FB822AAC2BA85E48003805BE /* AlerUser.swift in Sources */ = {isa = PBXBuildFile; fileRef = FB822AAB2BA85E48003805BE /* AlerUser.swift */; };
		FB822AAE2BA85F35003805BE /* GoogleAuth.swift in Sources */ = {isa = PBXBuildFile; fileRef = FB822AAD2BA85F35003805BE /* GoogleAuth.swift */; };
		FB84381C2BAC3A39006CEA58 /* FirebaseDatabase in Frameworks */ = {isa = PBXBuildFile; productRef = FB84381B2BAC3A39006CEA58 /* FirebaseDatabase */; };
		FB84381E2BAC3A39006CEA58 /* FirebaseDatabaseSwift in Frameworks */ = {isa = PBXBuildFile; productRef = FB84381D2BAC3A39006CEA58 /* FirebaseDatabaseSwift */; };
		FB8438212BACA6DD006CEA58 /* ChatModel.swift in Sources */ = {isa = PBXBuildFile; fileRef = FB8438202BACA6DD006CEA58 /* ChatModel.swift */; };
		FB8438232BACA8C0006CEA58 /* FirebaseFirestore in Frameworks */ = {isa = PBXBuildFile; productRef = FB8438222BACA8C0006CEA58 /* FirebaseFirestore */; };
		FB8438262BAD7600006CEA58 /* LoginModel.swift in Sources */ = {isa = PBXBuildFile; fileRef = FB8438252BAD7600006CEA58 /* LoginModel.swift */; };
		FB8438292BAEC178006CEA58 /* AddUsersViewController.swift in Sources */ = {isa = PBXBuildFile; fileRef = FB8438272BAEC178006CEA58 /* AddUsersViewController.swift */; };
		FB84382A2BAEC178006CEA58 /* AddUsersViewController.xib in Resources */ = {isa = PBXBuildFile; fileRef = FB8438282BAEC178006CEA58 /* AddUsersViewController.xib */; };
		FB84382C2BAFF1E3006CEA58 /* GroupModel.swift in Sources */ = {isa = PBXBuildFile; fileRef = FB84382B2BAFF1E3006CEA58 /* GroupModel.swift */; };
		FB84382F2BB13479006CEA58 /* GroupChatController.swift in Sources */ = {isa = PBXBuildFile; fileRef = FB84382D2BB13479006CEA58 /* GroupChatController.swift */; };
		FB8438302BB13479006CEA58 /* GroupChatController.xib in Resources */ = {isa = PBXBuildFile; fileRef = FB84382E2BB13479006CEA58 /* GroupChatController.xib */; };
		FB8D7FE32BA9783D00FF1C21 /* UIColorHex.swift in Sources */ = {isa = PBXBuildFile; fileRef = FB8D7FE22BA9783D00FF1C21 /* UIColorHex.swift */; };
		FBBD14622BCBA22E003ED4F2 /* AudioMessageTableViewCell.swift in Sources */ = {isa = PBXBuildFile; fileRef = FBBD14602BCBA22E003ED4F2 /* AudioMessageTableViewCell.swift */; };
		FBBD14632BCBA22E003ED4F2 /* AudioMessageTableViewCell.xib in Resources */ = {isa = PBXBuildFile; fileRef = FBBD14612BCBA22E003ED4F2 /* AudioMessageTableViewCell.xib */; };
		FBBFF0AA2BC1E1BB008E4DED /* UserDetailController.swift in Sources */ = {isa = PBXBuildFile; fileRef = FBBFF0A82BC1E1BB008E4DED /* UserDetailController.swift */; };
		FBBFF0AB2BC1E1BB008E4DED /* UserDetailController.xib in Resources */ = {isa = PBXBuildFile; fileRef = FBBFF0A92BC1E1BB008E4DED /* UserDetailController.xib */; };
		FBCE7B352BB671890059F2D5 /* Rubik-Regular.ttf in Resources */ = {isa = PBXBuildFile; fileRef = FBCE7B342BB671890059F2D5 /* Rubik-Regular.ttf */; };
		FBCE7B372BB672700059F2D5 /* Rubik-SemiBold.ttf in Resources */ = {isa = PBXBuildFile; fileRef = FBCE7B362BB672700059F2D5 /* Rubik-SemiBold.ttf */; };
		FBCF63F62BCC54E700C4AAEF /* AudioRecorderView.swift in Sources */ = {isa = PBXBuildFile; fileRef = FBCF63F52BCC54E700C4AAEF /* AudioRecorderView.swift */; };
		FBCF63F82BCCCB3900C4AAEF /* CircularProgressView.swift in Sources */ = {isa = PBXBuildFile; fileRef = FBCF63F72BCCCB3900C4AAEF /* CircularProgressView.swift */; };
		FBE1B6C02BDF8C1000AC6895 /* ImageViewTableViewCell.xib in Resources */ = {isa = PBXBuildFile; fileRef = FBE1B6BF2BDF8C1000AC6895 /* ImageViewTableViewCell.xib */; };
		FBE1B6C12BDF8C1000AC6895 /* ImageViewTableViewCell.swift in Sources */ = {isa = PBXBuildFile; fileRef = FBE1B6BE2BDF8C1000AC6895 /* ImageViewTableViewCell.swift */; };
		FBFF4CA62BB57EA100B35247 /* NSLayoutContraint+Custom.swift in Sources */ = {isa = PBXBuildFile; fileRef = FBFF4CA52BB57EA100B35247 /* NSLayoutContraint+Custom.swift */; };
/* End PBXBuildFile section */

/* Begin PBXFileReference section */
		08166E130B4FFC752DDB7EBE /* Pods-Chatbot.debug.xcconfig */ = {isa = PBXFileReference; includeInIndex = 1; lastKnownFileType = text.xcconfig; name = "Pods-Chatbot.debug.xcconfig"; path = "Target Support Files/Pods-Chatbot/Pods-Chatbot.debug.xcconfig"; sourceTree = "<group>"; };
		9797A2CC0E510E7FD851914C /* Pods-Chatbot.release.xcconfig */ = {isa = PBXFileReference; includeInIndex = 1; lastKnownFileType = text.xcconfig; name = "Pods-Chatbot.release.xcconfig"; path = "Target Support Files/Pods-Chatbot/Pods-Chatbot.release.xcconfig"; sourceTree = "<group>"; };
		DB43EAF638778BE7A6AA5789 /* Pods_Chatbot.framework */ = {isa = PBXFileReference; explicitFileType = wrapper.framework; includeInIndex = 0; path = Pods_Chatbot.framework; sourceTree = BUILT_PRODUCTS_DIR; };
		DF78D9F52BC00D19002EDD28 /* GroupDetailsController.swift */ = {isa = PBXFileReference; lastKnownFileType = sourcecode.swift; path = GroupDetailsController.swift; sourceTree = "<group>"; };
		DF78D9F62BC00D19002EDD28 /* GroupDetailsController.xib */ = {isa = PBXFileReference; lastKnownFileType = file.xib; path = GroupDetailsController.xib; sourceTree = "<group>"; };
		DF78D9F92BC0142D002EDD28 /* GroupDetailsCell.swift */ = {isa = PBXFileReference; lastKnownFileType = sourcecode.swift; path = GroupDetailsCell.swift; sourceTree = "<group>"; };
		DF78D9FA2BC0142D002EDD28 /* GroupDetailsCell.xib */ = {isa = PBXFileReference; lastKnownFileType = file.xib; path = GroupDetailsCell.xib; sourceTree = "<group>"; };
		DFA2C3632BBD69D80021EB7A /* ListChatViewController.swift */ = {isa = PBXFileReference; fileEncoding = 4; lastKnownFileType = sourcecode.swift; path = ListChatViewController.swift; sourceTree = "<group>"; };
		FB1B33332BA823020061259F /* Chatbot.app */ = {isa = PBXFileReference; explicitFileType = wrapper.application; includeInIndex = 0; path = Chatbot.app; sourceTree = BUILT_PRODUCTS_DIR; };
		FB1B33362BA823020061259F /* AppDelegate.swift */ = {isa = PBXFileReference; lastKnownFileType = sourcecode.swift; path = AppDelegate.swift; sourceTree = "<group>"; };
		FB1B33382BA823020061259F /* SceneDelegate.swift */ = {isa = PBXFileReference; lastKnownFileType = sourcecode.swift; path = SceneDelegate.swift; sourceTree = "<group>"; };
		FB1B333A2BA823020061259F /* ViewController.swift */ = {isa = PBXFileReference; lastKnownFileType = sourcecode.swift; path = ViewController.swift; sourceTree = "<group>"; };
		FB1B333D2BA823020061259F /* Base */ = {isa = PBXFileReference; lastKnownFileType = file.storyboard; name = Base; path = Base.lproj/Main.storyboard; sourceTree = "<group>"; };
		FB1B333F2BA823030061259F /* Assets.xcassets */ = {isa = PBXFileReference; lastKnownFileType = folder.assetcatalog; path = Assets.xcassets; sourceTree = "<group>"; };
		FB1B33422BA823030061259F /* Base */ = {isa = PBXFileReference; lastKnownFileType = file.storyboard; name = Base; path = Base.lproj/LaunchScreen.storyboard; sourceTree = "<group>"; };
		FB1B33442BA823030061259F /* Info.plist */ = {isa = PBXFileReference; lastKnownFileType = text.plist.xml; path = Info.plist; sourceTree = "<group>"; };
		FB2F5F142BB302630077C2D8 /* MessageTableViewCell.swift */ = {isa = PBXFileReference; lastKnownFileType = sourcecode.swift; path = MessageTableViewCell.swift; sourceTree = "<group>"; };
		FB2F5F152BB302630077C2D8 /* MessageTableViewCell.xib */ = {isa = PBXFileReference; lastKnownFileType = file.xib; path = MessageTableViewCell.xib; sourceTree = "<group>"; };
		FB2FD3BD2BE0D49D004EF93B /* ImageMessageHandler.swift */ = {isa = PBXFileReference; lastKnownFileType = sourcecode.swift; path = ImageMessageHandler.swift; sourceTree = "<group>"; };
		FB5B34892BCBAEF60092FDD2 /* WaveformView.swift */ = {isa = PBXFileReference; lastKnownFileType = sourcecode.swift; path = WaveformView.swift; sourceTree = "<group>"; };
		FB71F00A2BA9A04B00A79BE7 /* ListChatViewController.xib */ = {isa = PBXFileReference; lastKnownFileType = file.xib; path = ListChatViewController.xib; sourceTree = "<group>"; };
		FB71F00D2BA9A43100A79BE7 /* ListChatTableViewCell.swift */ = {isa = PBXFileReference; lastKnownFileType = sourcecode.swift; path = ListChatTableViewCell.swift; sourceTree = "<group>"; };
		FB71F00E2BA9A43100A79BE7 /* ListChatTableViewCell.xib */ = {isa = PBXFileReference; lastKnownFileType = file.xib; path = ListChatTableViewCell.xib; sourceTree = "<group>"; };
		FB73D4842BAAF40E001B314F /* LoginPrefrencesViewController.swift */ = {isa = PBXFileReference; lastKnownFileType = sourcecode.swift; path = LoginPrefrencesViewController.swift; sourceTree = "<group>"; };
		FB73D4852BAAF40E001B314F /* LoginPrefrencesViewController.xib */ = {isa = PBXFileReference; lastKnownFileType = file.xib; path = LoginPrefrencesViewController.xib; sourceTree = "<group>"; };
		FB73D4912BAAF604001B314F /* EmailSignUPViewController.swift */ = {isa = PBXFileReference; lastKnownFileType = sourcecode.swift; path = EmailSignUPViewController.swift; sourceTree = "<group>"; };
		FB73D4922BAAF604001B314F /* EmailSignUPViewController.xib */ = {isa = PBXFileReference; lastKnownFileType = file.xib; path = EmailSignUPViewController.xib; sourceTree = "<group>"; };
		FB73D4952BAAF738001B314F /* EmailSignINViewController.swift */ = {isa = PBXFileReference; lastKnownFileType = sourcecode.swift; path = EmailSignINViewController.swift; sourceTree = "<group>"; };
		FB73D4962BAAF738001B314F /* EmailSignINViewController.xib */ = {isa = PBXFileReference; lastKnownFileType = file.xib; path = EmailSignINViewController.xib; sourceTree = "<group>"; };
		FB73D4992BAAF8C3001B314F /* GoogleService-Info.plist */ = {isa = PBXFileReference; fileEncoding = 4; lastKnownFileType = text.plist.xml; path = "GoogleService-Info.plist"; sourceTree = "<group>"; };
		FB73D49B2BAAFF89001B314F /* ChatController.swift */ = {isa = PBXFileReference; lastKnownFileType = sourcecode.swift; path = ChatController.swift; sourceTree = "<group>"; };
		FB73D49C2BAAFF89001B314F /* ChatController.xib */ = {isa = PBXFileReference; lastKnownFileType = file.xib; path = ChatController.xib; sourceTree = "<group>"; };
		FB820B312BE24DB800E21EC0 /* GetImageFromPicker.swift */ = {isa = PBXFileReference; fileEncoding = 4; lastKnownFileType = sourcecode.swift; path = GetImageFromPicker.swift; sourceTree = "<group>"; };
		FB820B342BE352F800E21EC0 /* UIViewExpandingAnim.swift */ = {isa = PBXFileReference; lastKnownFileType = sourcecode.swift; path = UIViewExpandingAnim.swift; sourceTree = "<group>"; };
		FB822AAB2BA85E48003805BE /* AlerUser.swift */ = {isa = PBXFileReference; fileEncoding = 4; lastKnownFileType = sourcecode.swift; path = AlerUser.swift; sourceTree = "<group>"; };
		FB822AAD2BA85F35003805BE /* GoogleAuth.swift */ = {isa = PBXFileReference; fileEncoding = 4; lastKnownFileType = sourcecode.swift; path = GoogleAuth.swift; sourceTree = "<group>"; };
		FB8438202BACA6DD006CEA58 /* ChatModel.swift */ = {isa = PBXFileReference; lastKnownFileType = sourcecode.swift; path = ChatModel.swift; sourceTree = "<group>"; };
		FB8438252BAD7600006CEA58 /* LoginModel.swift */ = {isa = PBXFileReference; lastKnownFileType = sourcecode.swift; path = LoginModel.swift; sourceTree = "<group>"; };
		FB8438272BAEC178006CEA58 /* AddUsersViewController.swift */ = {isa = PBXFileReference; lastKnownFileType = sourcecode.swift; path = AddUsersViewController.swift; sourceTree = "<group>"; };
		FB8438282BAEC178006CEA58 /* AddUsersViewController.xib */ = {isa = PBXFileReference; lastKnownFileType = file.xib; path = AddUsersViewController.xib; sourceTree = "<group>"; };
		FB84382B2BAFF1E3006CEA58 /* GroupModel.swift */ = {isa = PBXFileReference; lastKnownFileType = sourcecode.swift; path = GroupModel.swift; sourceTree = "<group>"; };
		FB84382D2BB13479006CEA58 /* GroupChatController.swift */ = {isa = PBXFileReference; lastKnownFileType = sourcecode.swift; path = GroupChatController.swift; sourceTree = "<group>"; };
		FB84382E2BB13479006CEA58 /* GroupChatController.xib */ = {isa = PBXFileReference; lastKnownFileType = file.xib; path = GroupChatController.xib; sourceTree = "<group>"; };
		FB8D7FE22BA9783D00FF1C21 /* UIColorHex.swift */ = {isa = PBXFileReference; fileEncoding = 4; lastKnownFileType = sourcecode.swift; path = UIColorHex.swift; sourceTree = "<group>"; };
		FBBD14602BCBA22E003ED4F2 /* AudioMessageTableViewCell.swift */ = {isa = PBXFileReference; lastKnownFileType = sourcecode.swift; path = AudioMessageTableViewCell.swift; sourceTree = "<group>"; };
		FBBD14612BCBA22E003ED4F2 /* AudioMessageTableViewCell.xib */ = {isa = PBXFileReference; lastKnownFileType = file.xib; path = AudioMessageTableViewCell.xib; sourceTree = "<group>"; };
		FBBFF0A82BC1E1BB008E4DED /* UserDetailController.swift */ = {isa = PBXFileReference; lastKnownFileType = sourcecode.swift; path = UserDetailController.swift; sourceTree = "<group>"; };
		FBBFF0A92BC1E1BB008E4DED /* UserDetailController.xib */ = {isa = PBXFileReference; lastKnownFileType = file.xib; path = UserDetailController.xib; sourceTree = "<group>"; };
		FBCE7B342BB671890059F2D5 /* Rubik-Regular.ttf */ = {isa = PBXFileReference; lastKnownFileType = file; path = "Rubik-Regular.ttf"; sourceTree = "<group>"; };
		FBCE7B362BB672700059F2D5 /* Rubik-SemiBold.ttf */ = {isa = PBXFileReference; lastKnownFileType = file; path = "Rubik-SemiBold.ttf"; sourceTree = "<group>"; };
		FBCF63F52BCC54E700C4AAEF /* AudioRecorderView.swift */ = {isa = PBXFileReference; lastKnownFileType = sourcecode.swift; path = AudioRecorderView.swift; sourceTree = "<group>"; };
		FBCF63F72BCCCB3900C4AAEF /* CircularProgressView.swift */ = {isa = PBXFileReference; lastKnownFileType = sourcecode.swift; path = CircularProgressView.swift; sourceTree = "<group>"; };
		FBE1B6BE2BDF8C1000AC6895 /* ImageViewTableViewCell.swift */ = {isa = PBXFileReference; lastKnownFileType = sourcecode.swift; path = ImageViewTableViewCell.swift; sourceTree = "<group>"; };
		FBE1B6BF2BDF8C1000AC6895 /* ImageViewTableViewCell.xib */ = {isa = PBXFileReference; lastKnownFileType = file.xib; path = ImageViewTableViewCell.xib; sourceTree = "<group>"; };
		FBFF4CA52BB57EA100B35247 /* NSLayoutContraint+Custom.swift */ = {isa = PBXFileReference; fileEncoding = 4; lastKnownFileType = sourcecode.swift; path = "NSLayoutContraint+Custom.swift"; sourceTree = "<group>"; };
/* End PBXFileReference section */

/* Begin PBXFrameworksBuildPhase section */
		FB1B33302BA823020061259F /* Frameworks */ = {
			isa = PBXFrameworksBuildPhase;
			buildActionMask = 2147483647;
			files = (
				FB84381C2BAC3A39006CEA58 /* FirebaseDatabase in Frameworks */,
				FB50BC9E2BA85ACE00E863AC /* FirebaseAppCheck in Frameworks */,
				FB50BC9A2BA85ACE00E863AC /* FirebaseAnalyticsSwift in Frameworks */,
				FB50BC932BA859A600E863AC /* GoogleSignInSwift in Frameworks */,
				127851723A68E91EED2E05F9 /* Pods_Chatbot.framework in Frameworks */,
				FB8438232BACA8C0006CEA58 /* FirebaseFirestore in Frameworks */,
				FB71F0052BA9855100A79BE7 /* FirebaseAuth in Frameworks */,
				FB50BC982BA85ACE00E863AC /* FirebaseAnalyticsOnDeviceConversion in Frameworks */,
				FB2831D12BB8116F008BFBE8 /* FirebaseStorage in Frameworks */,
				FB50BC9C2BA85ACE00E863AC /* FirebaseAnalyticsWithoutAdIdSupport in Frameworks */,
				FB84381E2BAC3A39006CEA58 /* FirebaseDatabaseSwift in Frameworks */,
				FB50BC962BA85ACE00E863AC /* FirebaseAnalytics in Frameworks */,
				FB50BC912BA859A600E863AC /* GoogleSignIn in Frameworks */,
			);
			runOnlyForDeploymentPostprocessing = 0;
		};
/* End PBXFrameworksBuildPhase section */

/* Begin PBXGroup section */
		C16E2FD536680260821AC382 /* Pods */ = {
			isa = PBXGroup;
			children = (
				08166E130B4FFC752DDB7EBE /* Pods-Chatbot.debug.xcconfig */,
				9797A2CC0E510E7FD851914C /* Pods-Chatbot.release.xcconfig */,
			);
			path = Pods;
			sourceTree = "<group>";
		};
		C35EF4B4685758A873862734 /* Frameworks */ = {
			isa = PBXGroup;
			children = (
				DB43EAF638778BE7A6AA5789 /* Pods_Chatbot.framework */,
			);
			name = Frameworks;
			sourceTree = "<group>";
		};
		DFB570CA2BB69DB600632374 /* List Users */ = {
			isa = PBXGroup;
			children = (
				DFB570CB2BB69DBF00632374 /* View */,
				DFB570CC2BB69DC800632374 /* Controller */,
			);
			path = "List Users";
			sourceTree = "<group>";
		};
		DFB570CB2BB69DBF00632374 /* View */ = {
			isa = PBXGroup;
			children = (
				FB71F00E2BA9A43100A79BE7 /* ListChatTableViewCell.xib */,
				FB71F00D2BA9A43100A79BE7 /* ListChatTableViewCell.swift */,
				FB71F00A2BA9A04B00A79BE7 /* ListChatViewController.xib */,
			);
			path = View;
			sourceTree = "<group>";
		};
		DFB570CC2BB69DC800632374 /* Controller */ = {
			isa = PBXGroup;
			children = (
				DFA2C3632BBD69D80021EB7A /* ListChatViewController.swift */,
			);
			path = Controller;
			sourceTree = "<group>";
		};
		FB1B332A2BA823020061259F = {
			isa = PBXGroup;
			children = (
				FBCE7B342BB671890059F2D5 /* Rubik-Regular.ttf */,
				FBCE7B362BB672700059F2D5 /* Rubik-SemiBold.ttf */,
				FB1B33352BA823020061259F /* Chatbot */,
				FB73D4992BAAF8C3001B314F /* GoogleService-Info.plist */,
				FB1B33342BA823020061259F /* Products */,
				C16E2FD536680260821AC382 /* Pods */,
				C35EF4B4685758A873862734 /* Frameworks */,
			);
			sourceTree = "<group>";
		};
		FB1B33342BA823020061259F /* Products */ = {
			isa = PBXGroup;
			children = (
				FB1B33332BA823020061259F /* Chatbot.app */,
			);
			name = Products;
			sourceTree = "<group>";
		};
		FB1B33352BA823020061259F /* Chatbot */ = {
			isa = PBXGroup;
			children = (
				FBBFF0A52BC1E17E008E4DED /* UserDetail */,
				FB8D7FED2BA9793500FF1C21 /* AppDelegates */,
				FB8D7FEA2BA9791300FF1C21 /* Home */,
				FB73D47B2BAAF275001B314F /* LoginPrefrences */,
				FBBFF09E2BBEC1A4008E4DED /* Add Users */,
				DFB570CA2BB69DB600632374 /* List Users */,
				FB71F0062BA9A00500A79BE7 /* Chat */,
				FB2F5F112BB300A50077C2D8 /* GroupChat */,
				FB8D7FE72BA978BA00FF1C21 /* Resources */,
				FB8D7FE42BA9788E00FF1C21 /* Utils */,
			);
			path = Chatbot;
			sourceTree = "<group>";
		};
		FB2F5F112BB300A50077C2D8 /* GroupChat */ = {
			isa = PBXGroup;
			children = (
				FBBD9E3B2BB960F400C4E2D1 /* Model */,
				FB2F5F132BB300B60077C2D8 /* View */,
				FB2F5F122BB300B10077C2D8 /* Controller */,
			);
			path = GroupChat;
			sourceTree = "<group>";
		};
		FB2F5F122BB300B10077C2D8 /* Controller */ = {
			isa = PBXGroup;
			children = (
				FB84382D2BB13479006CEA58 /* GroupChatController.swift */,
				DF78D9F52BC00D19002EDD28 /* GroupDetailsController.swift */,
			);
			path = Controller;
			sourceTree = "<group>";
		};
		FB2F5F132BB300B60077C2D8 /* View */ = {
			isa = PBXGroup;
			children = (
				FB84382E2BB13479006CEA58 /* GroupChatController.xib */,
				DF78D9F62BC00D19002EDD28 /* GroupDetailsController.xib */,
				DF78D9F92BC0142D002EDD28 /* GroupDetailsCell.swift */,
				DF78D9FA2BC0142D002EDD28 /* GroupDetailsCell.xib */,
			);
			path = View;
			sourceTree = "<group>";
		};
		FB4881052BAB134200C97A3C /* SignIN */ = {
			isa = PBXGroup;
			children = (
				FB4881072BAB134E00C97A3C /* View */,
				FB4881062BAB134800C97A3C /* Controller */,
			);
			path = SignIN;
			sourceTree = "<group>";
		};
		FB4881062BAB134800C97A3C /* Controller */ = {
			isa = PBXGroup;
			children = (
				FB73D4952BAAF738001B314F /* EmailSignINViewController.swift */,
			);
			path = Controller;
			sourceTree = "<group>";
		};
		FB4881072BAB134E00C97A3C /* View */ = {
			isa = PBXGroup;
			children = (
				FB73D4962BAAF738001B314F /* EmailSignINViewController.xib */,
			);
			path = View;
			sourceTree = "<group>";
		};
		FB71F0062BA9A00500A79BE7 /* Chat */ = {
			isa = PBXGroup;
			children = (
				FB84381F2BACA6CE006CEA58 /* Model */,
				FB71F0082BA9A02D00A79BE7 /* View */,
				FB71F0072BA9A02200A79BE7 /* Controller */,
			);
			path = Chat;
			sourceTree = "<group>";
		};
		FB71F0072BA9A02200A79BE7 /* Controller */ = {
			isa = PBXGroup;
			children = (
				FB73D49B2BAAFF89001B314F /* ChatController.swift */,
			);
			path = Controller;
			sourceTree = "<group>";
		};
		FB71F0082BA9A02D00A79BE7 /* View */ = {
			isa = PBXGroup;
			children = (
				FB73D49C2BAAFF89001B314F /* ChatController.xib */,
				FB2F5F142BB302630077C2D8 /* MessageTableViewCell.swift */,
				FB2F5F152BB302630077C2D8 /* MessageTableViewCell.xib */,
				FBBD14602BCBA22E003ED4F2 /* AudioMessageTableViewCell.swift */,
				FBBD14612BCBA22E003ED4F2 /* AudioMessageTableViewCell.xib */,
				FBE1B6BE2BDF8C1000AC6895 /* ImageViewTableViewCell.swift */,
				FBE1B6BF2BDF8C1000AC6895 /* ImageViewTableViewCell.xib */,
			);
			path = View;
			sourceTree = "<group>";
		};
		FB73D47B2BAAF275001B314F /* LoginPrefrences */ = {
			isa = PBXGroup;
			children = (
				FB8438242BAD75E3006CEA58 /* Model */,
				FB73D48C2BAAF485001B314F /* LoginView */,
				FB73D48D2BAAF5AE001B314F /* Email */,
				FB8D7FE82BA978E400FF1C21 /* Google */,
			);
			path = LoginPrefrences;
			sourceTree = "<group>";
		};
		FB73D47C2BAAF283001B314F /* Controller */ = {
			isa = PBXGroup;
			children = (
				FB73D4842BAAF40E001B314F /* LoginPrefrencesViewController.swift */,
			);
			path = Controller;
			sourceTree = "<group>";
		};
		FB73D47D2BAAF288001B314F /* View */ = {
			isa = PBXGroup;
			children = (
				FB73D4852BAAF40E001B314F /* LoginPrefrencesViewController.xib */,
			);
			path = View;
			sourceTree = "<group>";
		};
		FB73D48C2BAAF485001B314F /* LoginView */ = {
			isa = PBXGroup;
			children = (
				FB73D47D2BAAF288001B314F /* View */,
				FB73D47C2BAAF283001B314F /* Controller */,
			);
			path = LoginView;
			sourceTree = "<group>";
		};
		FB73D48D2BAAF5AE001B314F /* Email */ = {
			isa = PBXGroup;
			children = (
				FB4881052BAB134200C97A3C /* SignIN */,
				FB73D48E2BAAF5E5001B314F /* SignUP */,
			);
			path = Email;
			sourceTree = "<group>";
		};
		FB73D48E2BAAF5E5001B314F /* SignUP */ = {
			isa = PBXGroup;
			children = (
				FB73D4902BAAF5F1001B314F /* View */,
				FB73D48F2BAAF5EC001B314F /* Controller */,
			);
			path = SignUP;
			sourceTree = "<group>";
		};
		FB73D48F2BAAF5EC001B314F /* Controller */ = {
			isa = PBXGroup;
			children = (
				FB73D4912BAAF604001B314F /* EmailSignUPViewController.swift */,
			);
			path = Controller;
			sourceTree = "<group>";
		};
		FB73D4902BAAF5F1001B314F /* View */ = {
			isa = PBXGroup;
			children = (
				FB73D4922BAAF604001B314F /* EmailSignUPViewController.xib */,
			);
			path = View;
			sourceTree = "<group>";
		};
		FB820B332BE352D300E21EC0 /* UIView+Extenstion */ = {
			isa = PBXGroup;
			children = (
				FB820B342BE352F800E21EC0 /* UIViewExpandingAnim.swift */,
			);
			path = "UIView+Extenstion";
			sourceTree = "<group>";
		};
		FB84381F2BACA6CE006CEA58 /* Model */ = {
			isa = PBXGroup;
			children = (
				FB8438202BACA6DD006CEA58 /* ChatModel.swift */,
			);
			path = Model;
			sourceTree = "<group>";
		};
		FB8438242BAD75E3006CEA58 /* Model */ = {
			isa = PBXGroup;
			children = (
				FB8438252BAD7600006CEA58 /* LoginModel.swift */,
			);
			path = Model;
			sourceTree = "<group>";
		};
		FB8D7FE42BA9788E00FF1C21 /* Utils */ = {
			isa = PBXGroup;
			children = (
				FB820B332BE352D300E21EC0 /* UIView+Extenstion */,
				FB820B312BE24DB800E21EC0 /* GetImageFromPicker.swift */,
				FBFF4CA72BB580F100B35247 /* NSLayoutConstraints+Extenstions */,
				FB8D7FE62BA978AC00FF1C21 /* UIColorHex */,
				FB8D7FE52BA978A300FF1C21 /* AlertUser */,
				FB5B34892BCBAEF60092FDD2 /* WaveformView.swift */,
				FBCF63F52BCC54E700C4AAEF /* AudioRecorderView.swift */,
				FBCF63F72BCCCB3900C4AAEF /* CircularProgressView.swift */,
				FB2FD3BD2BE0D49D004EF93B /* ImageMessageHandler.swift */,
			);
			path = Utils;
			sourceTree = "<group>";
		};
		FB8D7FE52BA978A300FF1C21 /* AlertUser */ = {
			isa = PBXGroup;
			children = (
				FB822AAB2BA85E48003805BE /* AlerUser.swift */,
			);
			path = AlertUser;
			sourceTree = "<group>";
		};
		FB8D7FE62BA978AC00FF1C21 /* UIColorHex */ = {
			isa = PBXGroup;
			children = (
				FB8D7FE22BA9783D00FF1C21 /* UIColorHex.swift */,
			);
			path = UIColorHex;
			sourceTree = "<group>";
		};
		FB8D7FE72BA978BA00FF1C21 /* Resources */ = {
			isa = PBXGroup;
			children = (
				FB1B333F2BA823030061259F /* Assets.xcassets */,
				FB1B33412BA823030061259F /* LaunchScreen.storyboard */,
				FB1B33442BA823030061259F /* Info.plist */,
			);
			path = Resources;
			sourceTree = "<group>";
		};
		FB8D7FE82BA978E400FF1C21 /* Google */ = {
			isa = PBXGroup;
			children = (
				FB8D7FE92BA978F500FF1C21 /* Model */,
			);
			path = Google;
			sourceTree = "<group>";
		};
		FB8D7FE92BA978F500FF1C21 /* Model */ = {
			isa = PBXGroup;
			children = (
				FB822AAD2BA85F35003805BE /* GoogleAuth.swift */,
			);
			path = Model;
			sourceTree = "<group>";
		};
		FB8D7FEA2BA9791300FF1C21 /* Home */ = {
			isa = PBXGroup;
			children = (
				FB8D7FEC2BA9792800FF1C21 /* View */,
				FB8D7FEB2BA9791A00FF1C21 /* Controller */,
			);
			path = Home;
			sourceTree = "<group>";
		};
		FB8D7FEB2BA9791A00FF1C21 /* Controller */ = {
			isa = PBXGroup;
			children = (
				FB1B333A2BA823020061259F /* ViewController.swift */,
			);
			path = Controller;
			sourceTree = "<group>";
		};
		FB8D7FEC2BA9792800FF1C21 /* View */ = {
			isa = PBXGroup;
			children = (
				FB1B333C2BA823020061259F /* Main.storyboard */,
			);
			path = View;
			sourceTree = "<group>";
		};
		FB8D7FED2BA9793500FF1C21 /* AppDelegates */ = {
			isa = PBXGroup;
			children = (
				FB1B33362BA823020061259F /* AppDelegate.swift */,
				FB1B33382BA823020061259F /* SceneDelegate.swift */,
			);
			path = AppDelegates;
			sourceTree = "<group>";
		};
		FBBD9E3B2BB960F400C4E2D1 /* Model */ = {
			isa = PBXGroup;
			children = (
				FB84382B2BAFF1E3006CEA58 /* GroupModel.swift */,
			);
			path = Model;
			sourceTree = "<group>";
		};
		FBBFF09E2BBEC1A4008E4DED /* Add Users */ = {
			isa = PBXGroup;
			children = (
				FBBFF0A02BBEC1B6008E4DED /* View */,
				FBBFF09F2BBEC1AE008E4DED /* Controller */,
			);
			path = "Add Users";
			sourceTree = "<group>";
		};
		FBBFF09F2BBEC1AE008E4DED /* Controller */ = {
			isa = PBXGroup;
			children = (
				FB8438272BAEC178006CEA58 /* AddUsersViewController.swift */,
			);
			path = Controller;
			sourceTree = "<group>";
		};
		FBBFF0A02BBEC1B6008E4DED /* View */ = {
			isa = PBXGroup;
			children = (
				FB8438282BAEC178006CEA58 /* AddUsersViewController.xib */,
			);
			path = View;
			sourceTree = "<group>";
		};
		FBBFF0A52BC1E17E008E4DED /* UserDetail */ = {
			isa = PBXGroup;
			children = (
				FBBFF0A72BC1E19A008E4DED /* View */,
				FBBFF0A62BC1E194008E4DED /* Controller */,
			);
			path = UserDetail;
			sourceTree = "<group>";
		};
		FBBFF0A62BC1E194008E4DED /* Controller */ = {
			isa = PBXGroup;
			children = (
				FBBFF0A82BC1E1BB008E4DED /* UserDetailController.swift */,
			);
			path = Controller;
			sourceTree = "<group>";
		};
		FBBFF0A72BC1E19A008E4DED /* View */ = {
			isa = PBXGroup;
			children = (
				FBBFF0A92BC1E1BB008E4DED /* UserDetailController.xib */,
			);
			path = View;
			sourceTree = "<group>";
		};
		FBFF4CA72BB580F100B35247 /* NSLayoutConstraints+Extenstions */ = {
			isa = PBXGroup;
			children = (
				FBFF4CA52BB57EA100B35247 /* NSLayoutContraint+Custom.swift */,
			);
			path = "NSLayoutConstraints+Extenstions";
			sourceTree = "<group>";
		};
/* End PBXGroup section */

/* Begin PBXNativeTarget section */
		FB1B33322BA823020061259F /* Chatbot */ = {
			isa = PBXNativeTarget;
			buildConfigurationList = FB1B33472BA823030061259F /* Build configuration list for PBXNativeTarget "Chatbot" */;
			buildPhases = (
				69E8CD00A6CB07B5ECA5B5AA /* [CP] Check Pods Manifest.lock */,
				FB1B332F2BA823020061259F /* Sources */,
				FB1B33302BA823020061259F /* Frameworks */,
				FB1B33312BA823020061259F /* Resources */,
				E4B52CEC87320FB73A130ED6 /* [CP] Embed Pods Frameworks */,
			);
			buildRules = (
			);
			dependencies = (
			);
			name = Chatbot;
			packageProductDependencies = (
				FB50BC902BA859A600E863AC /* GoogleSignIn */,
				FB50BC922BA859A600E863AC /* GoogleSignInSwift */,
				FB50BC952BA85ACE00E863AC /* FirebaseAnalytics */,
				FB50BC972BA85ACE00E863AC /* FirebaseAnalyticsOnDeviceConversion */,
				FB50BC992BA85ACE00E863AC /* FirebaseAnalyticsSwift */,
				FB50BC9B2BA85ACE00E863AC /* FirebaseAnalyticsWithoutAdIdSupport */,
				FB50BC9D2BA85ACE00E863AC /* FirebaseAppCheck */,
				FB71F0042BA9855100A79BE7 /* FirebaseAuth */,
				FB84381B2BAC3A39006CEA58 /* FirebaseDatabase */,
				FB84381D2BAC3A39006CEA58 /* FirebaseDatabaseSwift */,
				FB8438222BACA8C0006CEA58 /* FirebaseFirestore */,
				FB2831D02BB8116F008BFBE8 /* FirebaseStorage */,
			);
			productName = Chatbot;
			productReference = FB1B33332BA823020061259F /* Chatbot.app */;
			productType = "com.apple.product-type.application";
		};
/* End PBXNativeTarget section */

/* Begin PBXProject section */
		FB1B332B2BA823020061259F /* Project object */ = {
			isa = PBXProject;
			attributes = {
				BuildIndependentTargetsInParallel = 1;
				LastSwiftUpdateCheck = 1530;
				LastUpgradeCheck = 1530;
				TargetAttributes = {
					FB1B33322BA823020061259F = {
						CreatedOnToolsVersion = 15.3;
					};
				};
			};
			buildConfigurationList = FB1B332E2BA823020061259F /* Build configuration list for PBXProject "Chatbot" */;
			compatibilityVersion = "Xcode 14.0";
			developmentRegion = en;
			hasScannedForEncodings = 0;
			knownRegions = (
				en,
				Base,
			);
			mainGroup = FB1B332A2BA823020061259F;
			packageReferences = (
				FB50BC8F2BA859A600E863AC /* XCRemoteSwiftPackageReference "GoogleSignIn-iOS" */,
				FB50BC942BA85A7300E863AC /* XCRemoteSwiftPackageReference "firebase-ios-sdk" */,
				FB5B34862BCBAD6C0092FDD2 /* XCRemoteSwiftPackageReference "AudioKit" */,
				FBCF63F22BCBB34A00C4AAEF /* XCRemoteSwiftPackageReference "AudioKitUI" */,
			);
			productRefGroup = FB1B33342BA823020061259F /* Products */;
			projectDirPath = "";
			projectRoot = "";
			targets = (
				FB1B33322BA823020061259F /* Chatbot */,
			);
		};
/* End PBXProject section */

/* Begin PBXResourcesBuildPhase section */
		FB1B33312BA823020061259F /* Resources */ = {
			isa = PBXResourcesBuildPhase;
			buildActionMask = 2147483647;
			files = (
				FB71F00B2BA9A04B00A79BE7 /* ListChatViewController.xib in Resources */,
				FBBD14632BCBA22E003ED4F2 /* AudioMessageTableViewCell.xib in Resources */,
				FBCE7B352BB671890059F2D5 /* Rubik-Regular.ttf in Resources */,
				DF78D9F82BC00D19002EDD28 /* GroupDetailsController.xib in Resources */,
				FB73D4982BAAF738001B314F /* EmailSignINViewController.xib in Resources */,
				FB2F5F172BB302630077C2D8 /* MessageTableViewCell.xib in Resources */,
				FB1B33402BA823030061259F /* Assets.xcassets in Resources */,
				DF78D9FC2BC0142D002EDD28 /* GroupDetailsCell.xib in Resources */,
				FBE1B6C02BDF8C1000AC6895 /* ImageViewTableViewCell.xib in Resources */,
				FB73D4942BAAF604001B314F /* EmailSignUPViewController.xib in Resources */,
				FB71F00F2BA9A43100A79BE7 /* ListChatTableViewCell.xib in Resources */,
				FB8438302BB13479006CEA58 /* GroupChatController.xib in Resources */,
				FBBFF0AB2BC1E1BB008E4DED /* UserDetailController.xib in Resources */,
				FB1B33432BA823030061259F /* Base in Resources */,
				FB73D49A2BAAF8C3001B314F /* GoogleService-Info.plist in Resources */,
				FB73D4872BAAF40E001B314F /* LoginPrefrencesViewController.xib in Resources */,
				FB73D49E2BAAFF89001B314F /* ChatController.xib in Resources */,
				FBCE7B372BB672700059F2D5 /* Rubik-SemiBold.ttf in Resources */,
				FB84382A2BAEC178006CEA58 /* AddUsersViewController.xib in Resources */,
				FB1B333E2BA823020061259F /* Base in Resources */,
			);
			runOnlyForDeploymentPostprocessing = 0;
		};
/* End PBXResourcesBuildPhase section */

/* Begin PBXShellScriptBuildPhase section */
		69E8CD00A6CB07B5ECA5B5AA /* [CP] Check Pods Manifest.lock */ = {
			isa = PBXShellScriptBuildPhase;
			buildActionMask = 2147483647;
			files = (
			);
			inputFileListPaths = (
			);
			inputPaths = (
				"${PODS_PODFILE_DIR_PATH}/Podfile.lock",
				"${PODS_ROOT}/Manifest.lock",
			);
			name = "[CP] Check Pods Manifest.lock";
			outputFileListPaths = (
			);
			outputPaths = (
				"$(DERIVED_FILE_DIR)/Pods-Chatbot-checkManifestLockResult.txt",
			);
			runOnlyForDeploymentPostprocessing = 0;
			shellPath = /bin/sh;
			shellScript = "diff \"${PODS_PODFILE_DIR_PATH}/Podfile.lock\" \"${PODS_ROOT}/Manifest.lock\" > /dev/null\nif [ $? != 0 ] ; then\n    # print error to STDERR\n    echo \"error: The sandbox is not in sync with the Podfile.lock. Run 'pod install' or update your CocoaPods installation.\" >&2\n    exit 1\nfi\n# This output is used by Xcode 'outputs' to avoid re-running this script phase.\necho \"SUCCESS\" > \"${SCRIPT_OUTPUT_FILE_0}\"\n";
			showEnvVarsInLog = 0;
		};
		E4B52CEC87320FB73A130ED6 /* [CP] Embed Pods Frameworks */ = {
			isa = PBXShellScriptBuildPhase;
			buildActionMask = 2147483647;
			files = (
			);
			inputFileListPaths = (
				"${PODS_ROOT}/Target Support Files/Pods-Chatbot/Pods-Chatbot-frameworks-${CONFIGURATION}-input-files.xcfilelist",
			);
			name = "[CP] Embed Pods Frameworks";
			outputFileListPaths = (
				"${PODS_ROOT}/Target Support Files/Pods-Chatbot/Pods-Chatbot-frameworks-${CONFIGURATION}-output-files.xcfilelist",
			);
			runOnlyForDeploymentPostprocessing = 0;
			shellPath = /bin/sh;
			shellScript = "\"${PODS_ROOT}/Target Support Files/Pods-Chatbot/Pods-Chatbot-frameworks.sh\"\n";
			showEnvVarsInLog = 0;
		};
/* End PBXShellScriptBuildPhase section */

/* Begin PBXSourcesBuildPhase section */
		FB1B332F2BA823020061259F /* Sources */ = {
			isa = PBXSourcesBuildPhase;
			buildActionMask = 2147483647;
			files = (
				FBFF4CA62BB57EA100B35247 /* NSLayoutContraint+Custom.swift in Sources */,
				FB73D4932BAAF604001B314F /* EmailSignUPViewController.swift in Sources */,
				FB8438262BAD7600006CEA58 /* LoginModel.swift in Sources */,
				FB73D4972BAAF738001B314F /* EmailSignINViewController.swift in Sources */,
				FBE1B6C12BDF8C1000AC6895 /* ImageViewTableViewCell.swift in Sources */,
				FB822AAE2BA85F35003805BE /* GoogleAuth.swift in Sources */,
				FB2FD3BE2BE0D49D004EF93B /* ImageMessageHandler.swift in Sources */,
				FB822AAC2BA85E48003805BE /* AlerUser.swift in Sources */,
				FB1B333B2BA823020061259F /* ViewController.swift in Sources */,
				FBBD14622BCBA22E003ED4F2 /* AudioMessageTableViewCell.swift in Sources */,
				FB8D7FE32BA9783D00FF1C21 /* UIColorHex.swift in Sources */,
				FBCF63F62BCC54E700C4AAEF /* AudioRecorderView.swift in Sources */,
				FB1B33372BA823020061259F /* AppDelegate.swift in Sources */,
				FB84382F2BB13479006CEA58 /* GroupChatController.swift in Sources */,
				FB71F0102BA9A43100A79BE7 /* ListChatTableViewCell.swift in Sources */,
				FB820B322BE24DB800E21EC0 /* GetImageFromPicker.swift in Sources */,
				FB84382C2BAFF1E3006CEA58 /* GroupModel.swift in Sources */,
				DFA2C3642BBD69D80021EB7A /* ListChatViewController.swift in Sources */,
				FB2F5F162BB302630077C2D8 /* MessageTableViewCell.swift in Sources */,
				DF78D9F72BC00D19002EDD28 /* GroupDetailsController.swift in Sources */,
				FB8438292BAEC178006CEA58 /* AddUsersViewController.swift in Sources */,
				DF78D9FB2BC0142D002EDD28 /* GroupDetailsCell.swift in Sources */,
				FB73D49D2BAAFF89001B314F /* ChatController.swift in Sources */,
				FB1B33392BA823020061259F /* SceneDelegate.swift in Sources */,
				FBBFF0AA2BC1E1BB008E4DED /* UserDetailController.swift in Sources */,
				FB8438212BACA6DD006CEA58 /* ChatModel.swift in Sources */,
				FB73D4862BAAF40E001B314F /* LoginPrefrencesViewController.swift in Sources */,
				FBCF63F82BCCCB3900C4AAEF /* CircularProgressView.swift in Sources */,
				FB820B352BE352F800E21EC0 /* UIViewExpandingAnim.swift in Sources */,
				FB5B348A2BCBAEF60092FDD2 /* WaveformView.swift in Sources */,
			);
			runOnlyForDeploymentPostprocessing = 0;
		};
/* End PBXSourcesBuildPhase section */

/* Begin PBXVariantGroup section */
		FB1B333C2BA823020061259F /* Main.storyboard */ = {
			isa = PBXVariantGroup;
			children = (
				FB1B333D2BA823020061259F /* Base */,
			);
			name = Main.storyboard;
			sourceTree = "<group>";
		};
		FB1B33412BA823030061259F /* LaunchScreen.storyboard */ = {
			isa = PBXVariantGroup;
			children = (
				FB1B33422BA823030061259F /* Base */,
			);
			name = LaunchScreen.storyboard;
			sourceTree = "<group>";
		};
/* End PBXVariantGroup section */

/* Begin XCBuildConfiguration section */
		FB1B33452BA823030061259F /* Debug */ = {
			isa = XCBuildConfiguration;
			buildSettings = {
				ALWAYS_SEARCH_USER_PATHS = NO;
				ASSETCATALOG_COMPILER_GENERATE_SWIFT_ASSET_SYMBOL_EXTENSIONS = YES;
				CLANG_ANALYZER_NONNULL = YES;
				CLANG_ANALYZER_NUMBER_OBJECT_CONVERSION = YES_AGGRESSIVE;
				CLANG_CXX_LANGUAGE_STANDARD = "gnu++20";
				CLANG_ENABLE_MODULES = YES;
				CLANG_ENABLE_OBJC_ARC = YES;
				CLANG_ENABLE_OBJC_WEAK = YES;
				CLANG_WARN_BLOCK_CAPTURE_AUTORELEASING = YES;
				CLANG_WARN_BOOL_CONVERSION = YES;
				CLANG_WARN_COMMA = YES;
				CLANG_WARN_CONSTANT_CONVERSION = YES;
				CLANG_WARN_DEPRECATED_OBJC_IMPLEMENTATIONS = YES;
				CLANG_WARN_DIRECT_OBJC_ISA_USAGE = YES_ERROR;
				CLANG_WARN_DOCUMENTATION_COMMENTS = YES;
				CLANG_WARN_EMPTY_BODY = YES;
				CLANG_WARN_ENUM_CONVERSION = YES;
				CLANG_WARN_INFINITE_RECURSION = YES;
				CLANG_WARN_INT_CONVERSION = YES;
				CLANG_WARN_NON_LITERAL_NULL_CONVERSION = YES;
				CLANG_WARN_OBJC_IMPLICIT_RETAIN_SELF = YES;
				CLANG_WARN_OBJC_LITERAL_CONVERSION = YES;
				CLANG_WARN_OBJC_ROOT_CLASS = YES_ERROR;
				CLANG_WARN_QUOTED_INCLUDE_IN_FRAMEWORK_HEADER = YES;
				CLANG_WARN_RANGE_LOOP_ANALYSIS = YES;
				CLANG_WARN_STRICT_PROTOTYPES = YES;
				CLANG_WARN_SUSPICIOUS_MOVE = YES;
				CLANG_WARN_UNGUARDED_AVAILABILITY = YES_AGGRESSIVE;
				CLANG_WARN_UNREACHABLE_CODE = YES;
				CLANG_WARN__DUPLICATE_METHOD_MATCH = YES;
				COPY_PHASE_STRIP = NO;
				DEBUG_INFORMATION_FORMAT = dwarf;
				ENABLE_STRICT_OBJC_MSGSEND = YES;
				ENABLE_TESTABILITY = YES;
				ENABLE_USER_SCRIPT_SANDBOXING = NO;
				GCC_C_LANGUAGE_STANDARD = gnu17;
				GCC_DYNAMIC_NO_PIC = NO;
				GCC_NO_COMMON_BLOCKS = YES;
				GCC_OPTIMIZATION_LEVEL = 0;
				GCC_PREPROCESSOR_DEFINITIONS = (
					"DEBUG=1",
					"$(inherited)",
				);
				GCC_WARN_64_TO_32_BIT_CONVERSION = YES;
				GCC_WARN_ABOUT_RETURN_TYPE = YES_ERROR;
				GCC_WARN_UNDECLARED_SELECTOR = YES;
				GCC_WARN_UNINITIALIZED_AUTOS = YES_AGGRESSIVE;
				GCC_WARN_UNUSED_FUNCTION = YES;
				GCC_WARN_UNUSED_VARIABLE = YES;
				IPHONEOS_DEPLOYMENT_TARGET = 17.4;
				LOCALIZATION_PREFERS_STRING_CATALOGS = YES;
				MTL_ENABLE_DEBUG_INFO = INCLUDE_SOURCE;
				MTL_FAST_MATH = YES;
				ONLY_ACTIVE_ARCH = YES;
				SDKROOT = iphoneos;
				SWIFT_ACTIVE_COMPILATION_CONDITIONS = "DEBUG $(inherited)";
				SWIFT_OPTIMIZATION_LEVEL = "-Onone";
			};
			name = Debug;
		};
		FB1B33462BA823030061259F /* Release */ = {
			isa = XCBuildConfiguration;
			buildSettings = {
				ALWAYS_SEARCH_USER_PATHS = NO;
				ASSETCATALOG_COMPILER_GENERATE_SWIFT_ASSET_SYMBOL_EXTENSIONS = YES;
				CLANG_ANALYZER_NONNULL = YES;
				CLANG_ANALYZER_NUMBER_OBJECT_CONVERSION = YES_AGGRESSIVE;
				CLANG_CXX_LANGUAGE_STANDARD = "gnu++20";
				CLANG_ENABLE_MODULES = YES;
				CLANG_ENABLE_OBJC_ARC = YES;
				CLANG_ENABLE_OBJC_WEAK = YES;
				CLANG_WARN_BLOCK_CAPTURE_AUTORELEASING = YES;
				CLANG_WARN_BOOL_CONVERSION = YES;
				CLANG_WARN_COMMA = YES;
				CLANG_WARN_CONSTANT_CONVERSION = YES;
				CLANG_WARN_DEPRECATED_OBJC_IMPLEMENTATIONS = YES;
				CLANG_WARN_DIRECT_OBJC_ISA_USAGE = YES_ERROR;
				CLANG_WARN_DOCUMENTATION_COMMENTS = YES;
				CLANG_WARN_EMPTY_BODY = YES;
				CLANG_WARN_ENUM_CONVERSION = YES;
				CLANG_WARN_INFINITE_RECURSION = YES;
				CLANG_WARN_INT_CONVERSION = YES;
				CLANG_WARN_NON_LITERAL_NULL_CONVERSION = YES;
				CLANG_WARN_OBJC_IMPLICIT_RETAIN_SELF = YES;
				CLANG_WARN_OBJC_LITERAL_CONVERSION = YES;
				CLANG_WARN_OBJC_ROOT_CLASS = YES_ERROR;
				CLANG_WARN_QUOTED_INCLUDE_IN_FRAMEWORK_HEADER = YES;
				CLANG_WARN_RANGE_LOOP_ANALYSIS = YES;
				CLANG_WARN_STRICT_PROTOTYPES = YES;
				CLANG_WARN_SUSPICIOUS_MOVE = YES;
				CLANG_WARN_UNGUARDED_AVAILABILITY = YES_AGGRESSIVE;
				CLANG_WARN_UNREACHABLE_CODE = YES;
				CLANG_WARN__DUPLICATE_METHOD_MATCH = YES;
				COPY_PHASE_STRIP = NO;
				DEBUG_INFORMATION_FORMAT = "dwarf-with-dsym";
				ENABLE_NS_ASSERTIONS = NO;
				ENABLE_STRICT_OBJC_MSGSEND = YES;
				ENABLE_USER_SCRIPT_SANDBOXING = NO;
				GCC_C_LANGUAGE_STANDARD = gnu17;
				GCC_NO_COMMON_BLOCKS = YES;
				GCC_WARN_64_TO_32_BIT_CONVERSION = YES;
				GCC_WARN_ABOUT_RETURN_TYPE = YES_ERROR;
				GCC_WARN_UNDECLARED_SELECTOR = YES;
				GCC_WARN_UNINITIALIZED_AUTOS = YES_AGGRESSIVE;
				GCC_WARN_UNUSED_FUNCTION = YES;
				GCC_WARN_UNUSED_VARIABLE = YES;
				IPHONEOS_DEPLOYMENT_TARGET = 17.4;
				LOCALIZATION_PREFERS_STRING_CATALOGS = YES;
				MTL_ENABLE_DEBUG_INFO = NO;
				MTL_FAST_MATH = YES;
				SDKROOT = iphoneos;
				SWIFT_COMPILATION_MODE = wholemodule;
				VALIDATE_PRODUCT = YES;
			};
			name = Release;
		};
		FB1B33482BA823030061259F /* Debug */ = {
			isa = XCBuildConfiguration;
			baseConfigurationReference = 08166E130B4FFC752DDB7EBE /* Pods-Chatbot.debug.xcconfig */;
			buildSettings = {
				ASSETCATALOG_COMPILER_APPICON_NAME = AppIcon;
				ASSETCATALOG_COMPILER_GLOBAL_ACCENT_COLOR_NAME = AccentColor;
				CODE_SIGN_STYLE = Automatic;
				CURRENT_PROJECT_VERSION = 1;
				GENERATE_INFOPLIST_FILE = YES;
				INFOPLIST_FILE = Chatbot/Resources/Info.plist;
				INFOPLIST_KEY_UIApplicationSupportsIndirectInputEvents = YES;
				INFOPLIST_KEY_UILaunchStoryboardName = LaunchScreen;
				INFOPLIST_KEY_UIMainStoryboardFile = Main;
				INFOPLIST_KEY_UISupportedInterfaceOrientations_iPad = "UIInterfaceOrientationPortrait UIInterfaceOrientationPortraitUpsideDown UIInterfaceOrientationLandscapeLeft UIInterfaceOrientationLandscapeRight";
				INFOPLIST_KEY_UISupportedInterfaceOrientations_iPhone = "UIInterfaceOrientationPortrait UIInterfaceOrientationLandscapeLeft UIInterfaceOrientationLandscapeRight";
				LD_RUNPATH_SEARCH_PATHS = (
					"$(inherited)",
					"@executable_path/Frameworks",
				);
				MARKETING_VERSION = 1.0;
				PRODUCT_BUNDLE_IDENTIFIER = com.stackgeeks.chat;
				PRODUCT_NAME = "$(TARGET_NAME)";
				SWIFT_EMIT_LOC_STRINGS = YES;
				SWIFT_VERSION = 5.0;
				TARGETED_DEVICE_FAMILY = "1,2";
			};
			name = Debug;
		};
		FB1B33492BA823030061259F /* Release */ = {
			isa = XCBuildConfiguration;
			baseConfigurationReference = 9797A2CC0E510E7FD851914C /* Pods-Chatbot.release.xcconfig */;
			buildSettings = {
				ASSETCATALOG_COMPILER_APPICON_NAME = AppIcon;
				ASSETCATALOG_COMPILER_GLOBAL_ACCENT_COLOR_NAME = AccentColor;
				CODE_SIGN_STYLE = Automatic;
				CURRENT_PROJECT_VERSION = 1;
				GENERATE_INFOPLIST_FILE = YES;
				INFOPLIST_FILE = Chatbot/Resources/Info.plist;
				INFOPLIST_KEY_UIApplicationSupportsIndirectInputEvents = YES;
				INFOPLIST_KEY_UILaunchStoryboardName = LaunchScreen;
				INFOPLIST_KEY_UIMainStoryboardFile = Main;
				INFOPLIST_KEY_UISupportedInterfaceOrientations_iPad = "UIInterfaceOrientationPortrait UIInterfaceOrientationPortraitUpsideDown UIInterfaceOrientationLandscapeLeft UIInterfaceOrientationLandscapeRight";
				INFOPLIST_KEY_UISupportedInterfaceOrientations_iPhone = "UIInterfaceOrientationPortrait UIInterfaceOrientationLandscapeLeft UIInterfaceOrientationLandscapeRight";
				LD_RUNPATH_SEARCH_PATHS = (
					"$(inherited)",
					"@executable_path/Frameworks",
				);
				MARKETING_VERSION = 1.0;
				PRODUCT_BUNDLE_IDENTIFIER = com.stackgeeks.chat;
				PRODUCT_NAME = "$(TARGET_NAME)";
				SWIFT_EMIT_LOC_STRINGS = YES;
				SWIFT_VERSION = 5.0;
				TARGETED_DEVICE_FAMILY = "1,2";
			};
			name = Release;
		};
/* End XCBuildConfiguration section */

/* Begin XCConfigurationList section */
		FB1B332E2BA823020061259F /* Build configuration list for PBXProject "Chatbot" */ = {
			isa = XCConfigurationList;
			buildConfigurations = (
				FB1B33452BA823030061259F /* Debug */,
				FB1B33462BA823030061259F /* Release */,
			);
			defaultConfigurationIsVisible = 0;
			defaultConfigurationName = Release;
		};
		FB1B33472BA823030061259F /* Build configuration list for PBXNativeTarget "Chatbot" */ = {
			isa = XCConfigurationList;
			buildConfigurations = (
				FB1B33482BA823030061259F /* Debug */,
				FB1B33492BA823030061259F /* Release */,
			);
			defaultConfigurationIsVisible = 0;
			defaultConfigurationName = Release;
		};
/* End XCConfigurationList section */

/* Begin XCRemoteSwiftPackageReference section */
		FB50BC8F2BA859A600E863AC /* XCRemoteSwiftPackageReference "GoogleSignIn-iOS" */ = {
			isa = XCRemoteSwiftPackageReference;
			repositoryURL = "https://github.com/google/GoogleSignIn-iOS";
			requirement = {
				kind = upToNextMajorVersion;
				minimumVersion = 7.0.0;
			};
		};
		FB50BC942BA85A7300E863AC /* XCRemoteSwiftPackageReference "firebase-ios-sdk" */ = {
			isa = XCRemoteSwiftPackageReference;
			repositoryURL = "https://github.com/firebase/firebase-ios-sdk.git";
			requirement = {
				kind = upToNextMajorVersion;
				minimumVersion = 10.22.1;
			};
		};
		FB5B34862BCBAD6C0092FDD2 /* XCRemoteSwiftPackageReference "AudioKit" */ = {
			isa = XCRemoteSwiftPackageReference;
			repositoryURL = "https://github.com/AudioKit/AudioKit.git";
			requirement = {
				kind = upToNextMajorVersion;
				minimumVersion = 5.6.3;
			};
		};
		FBCF63F22BCBB34A00C4AAEF /* XCRemoteSwiftPackageReference "AudioKitUI" */ = {
			isa = XCRemoteSwiftPackageReference;
			repositoryURL = "https://github.com/AudioKit/AudioKitUI";
			requirement = {
				kind = upToNextMajorVersion;
				minimumVersion = 0.3.7;
			};
		};
/* End XCRemoteSwiftPackageReference section */

/* Begin XCSwiftPackageProductDependency section */
		FB2831D02BB8116F008BFBE8 /* FirebaseStorage */ = {
			isa = XCSwiftPackageProductDependency;
			package = FB50BC942BA85A7300E863AC /* XCRemoteSwiftPackageReference "firebase-ios-sdk" */;
			productName = FirebaseStorage;
		};
		FB50BC902BA859A600E863AC /* GoogleSignIn */ = {
			isa = XCSwiftPackageProductDependency;
			package = FB50BC8F2BA859A600E863AC /* XCRemoteSwiftPackageReference "GoogleSignIn-iOS" */;
			productName = GoogleSignIn;
		};
		FB50BC922BA859A600E863AC /* GoogleSignInSwift */ = {
			isa = XCSwiftPackageProductDependency;
			package = FB50BC8F2BA859A600E863AC /* XCRemoteSwiftPackageReference "GoogleSignIn-iOS" */;
			productName = GoogleSignInSwift;
		};
		FB50BC952BA85ACE00E863AC /* FirebaseAnalytics */ = {
			isa = XCSwiftPackageProductDependency;
			package = FB50BC942BA85A7300E863AC /* XCRemoteSwiftPackageReference "firebase-ios-sdk" */;
			productName = FirebaseAnalytics;
		};
		FB50BC972BA85ACE00E863AC /* FirebaseAnalyticsOnDeviceConversion */ = {
			isa = XCSwiftPackageProductDependency;
			package = FB50BC942BA85A7300E863AC /* XCRemoteSwiftPackageReference "firebase-ios-sdk" */;
			productName = FirebaseAnalyticsOnDeviceConversion;
		};
		FB50BC992BA85ACE00E863AC /* FirebaseAnalyticsSwift */ = {
			isa = XCSwiftPackageProductDependency;
			package = FB50BC942BA85A7300E863AC /* XCRemoteSwiftPackageReference "firebase-ios-sdk" */;
			productName = FirebaseAnalyticsSwift;
		};
		FB50BC9B2BA85ACE00E863AC /* FirebaseAnalyticsWithoutAdIdSupport */ = {
			isa = XCSwiftPackageProductDependency;
			package = FB50BC942BA85A7300E863AC /* XCRemoteSwiftPackageReference "firebase-ios-sdk" */;
			productName = FirebaseAnalyticsWithoutAdIdSupport;
		};
		FB50BC9D2BA85ACE00E863AC /* FirebaseAppCheck */ = {
			isa = XCSwiftPackageProductDependency;
			package = FB50BC942BA85A7300E863AC /* XCRemoteSwiftPackageReference "firebase-ios-sdk" */;
			productName = FirebaseAppCheck;
		};
		FB71F0042BA9855100A79BE7 /* FirebaseAuth */ = {
			isa = XCSwiftPackageProductDependency;
			package = FB50BC942BA85A7300E863AC /* XCRemoteSwiftPackageReference "firebase-ios-sdk" */;
			productName = FirebaseAuth;
		};
		FB84381B2BAC3A39006CEA58 /* FirebaseDatabase */ = {
			isa = XCSwiftPackageProductDependency;
			package = FB50BC942BA85A7300E863AC /* XCRemoteSwiftPackageReference "firebase-ios-sdk" */;
			productName = FirebaseDatabase;
		};
		FB84381D2BAC3A39006CEA58 /* FirebaseDatabaseSwift */ = {
			isa = XCSwiftPackageProductDependency;
			package = FB50BC942BA85A7300E863AC /* XCRemoteSwiftPackageReference "firebase-ios-sdk" */;
			productName = FirebaseDatabaseSwift;
		};
		FB8438222BACA8C0006CEA58 /* FirebaseFirestore */ = {
			isa = XCSwiftPackageProductDependency;
			package = FB50BC942BA85A7300E863AC /* XCRemoteSwiftPackageReference "firebase-ios-sdk" */;
			productName = FirebaseFirestore;
		};
/* End XCSwiftPackageProductDependency section */
	};
	rootObject = FB1B332B2BA823020061259F /* Project object */;
}
